version = 1
revision = 3
requires-python = "==3.13.*"

[[package]]
name = "automata-lib"
version = "9.2.0"
source = { registry = "https://pypi.org/simple" }
dependencies = [
    { name = "cached-method" },
    { name = "frozendict" },
    { name = "networkx" },
    { name = "typing-extensions" },
]
sdist = { url = "https://files.pythonhosted.org/packages/3d/09/cd1948fc964cae9e18c04c9c791181a8deb94419c63729c22a64c7181881/automata_lib-9.2.0.tar.gz", hash = "sha256:9d7ddd6b3536aee86604e003d68229b30adb610c7d0e895b34e63eacb549b829", size = 67781, upload-time = "2026-01-02T01:52:50.592Z" }
wheels = [
    { url = "https://files.pythonhosted.org/packages/1a/a6/166b21b655d343d9b6b174ad6489503870fb16b295a50abd863ff281df1b/automata_lib-9.2.0-py3-none-any.whl", hash = "sha256:d0da096e157c6a390a5830390a69f34e093787fe529787976235e85b3938bda5", size = 84939, upload-time = "2026-01-02T01:52:49.242Z" },
]

[[package]]
name = "cached-method"
version = "0.1.0"
source = { registry = "https://pypi.org/simple" }
sdist = { url = "https://files.pythonhosted.org/packages/85/57/f5796619b29cfbbce98b6027f9f92461a9c159a373566106a11b2bab1e07/cached_method-0.1.0.tar.gz", hash = "sha256:0958d0422a90e24c215fb61f9633fd9faf566c8f7d15478493989abef8699d73", size = 4032, upload-time = "2021-10-31T19:38:21.24Z" }
wheels = [
    { url = "https://files.pythonhosted.org/packages/a3/69/f4be248608758ebad3d5954bf468fc98a822c939afbb04f1eaaecfc6be1c/cached_method-0.1.0-py3-none-any.whl", hash = "sha256:a71720f7cab565131bb5e4189b6ca5902635435e0e017d0fd1261712d8c3dc0c", size = 4172, upload-time = "2021-10-31T19:38:17.726Z" },
]

[[package]]
name = "colorama"
version = "0.4.6"
source = { registry = "https://pypi.org/simple" }
sdist = { url = "https://files.pythonhosted.org/packages/d8/53/6f443c9a4a8358a93a6792e2acffb9d9d5cb0a5cfd8802644b7b1c9a02e4/colorama-0.4.6.tar.gz", hash = "sha256:08695f5cb7ed6e0531a20572697297273c47b8cae5a63ffc6d6ed5c201be6e44", size = 27697, upload-time = "2022-10-25T02:36:22.414Z" }
wheels = [
    { url = "https://files.pythonhosted.org/packages/d1/d6/3965ed04c63042e047cb6a3e6ed1a63a35087b6a609aa3a15ed8ac56c221/colorama-0.4.6-py2.py3-none-any.whl", hash = "sha256:4f1d9991f5acc0ca119f9d443620b77f9d6b33703e51011c16baf57afb285fc6", size = 25335, upload-time = "2022-10-25T02:36:20.889Z" },
]

[[package]]
name = "coverage"
version = "7.16.0"
source = { registry = "https://pypi.org/simple" }
sdist = { url = "https://files.pythonhosted.org/packages/d1/f5/deb1a27aa20746c0278ac998c4179e272004699b2d33959ce020c5ac1615/coverage-7.16.0.tar.gz", hash = "sha256:077f0964087883176ff6ab9b074694cae29f8c708273b13ca62c183c6ed716cd", size = 945620, upload-time = "2026-08-28T21:54:37.74Z" }
wheels = [
    { url = "https://files.pythonhosted.org/packages/54/c5/e62c87f4799d1e3647d5b2ae16ea1d12205d72fde1ea8529e13fe050f678/coverage-7.16.0-cp313-cp313-macosx_10_13_x86_64.whl", hash = "sha256:1545c52ce756b8a97007f439a220297f1cd72a2cbbcdffccdf1c1f70e74f9a42", size = 223215, upload-time = "2026-08-28T21:51:55.628Z" },
    { url = "https://files.pythonhosted.org/packages/89/e9/5e62fda9397175fb206f75368b6e85da06d831c181b6d0f67ca073cd2f89/coverage-7.16.0-cp313-cp313-macosx_11_0_arm64.whl", hash = "sha256:0598aadae641f30a0796b75b45c0b9c5de8619bd5cfb251bb0cc254e86e6dd13", size = 223585, upload-time = "2026-08-28T21:51:57.355Z" },
    { url = "https://files.pythonhosted.org/packages/b9/40/bede08621b1ba67e88c4d3336c22b52cb7911ff1fa4ef055344b6670e58a/coverage-7.16.0-cp313-cp313-manylinux1_i686.manylinux_2_28_i686.manylinux_2_5_i686.whl", hash = "sha256:4080ad6bad9f14690e6b2104f5e8d137ccc65a4b5427a36662090637d4bd16d5", size = 254575, upload-time = "2026-08-28T21:51:59.233Z" },
    { url = "https://files.pythonhosted.org/packages/12/d8/ab0bdaa45dfd6b8cbf1a3ec548fdf827684b1997f9724375c5b3e89144fb/coverage-7.16.0-cp313-cp313-manylinux1_x86_64.manylinux_2_28_x86_64.manylinux_2_5_x86_64.whl", hash = "sha256:e9883a2f8206ce3af59117dc278e5d043fea06912bca3f199816129e5e2de354", size = 257172, upload-time = "2026-08-28T21:52:01.015Z" },
    { url = "https://files.pythonhosted.org/packages/1d/bb/135de81784bbd7dfedcab2b92b03d71d75b09b0815b42d6dabb052def5a6/coverage-7.16.0-cp313-cp313-manylinux2014_aarch64.manylinux_2_17_aarch64.manylinux_2_28_aarch64.whl", hash = "sha256:984e5430fc6f858385009e92549955157d79335b1f3e13e1031e0f89d1284261", size = 258410, upload-time = "2026-08-28T21:52:02.76Z" },
    { url = "https://files.pythonhosted.org/packages/ad/72/ce44ecc062fb2e43d9447bb76154d091c2139232f20c125297c4b58f4c6a/coverage-7.16.0-cp313-cp313-manylinux2014_ppc64le.manylinux_2_17_ppc64le.manylinux_2_28_ppc64le.whl", hash = "sha256:b1374099dd1ad0d31fbb6c95d00a56a3c5e85fb3343dca14fc12f78323a2b42a", size = 260539, upload-time = "2026-08-28T21:52:04.821Z" },
    { url = "https://files.pythonhosted.org/packages/e7/c4/9389c36a41e59406ca2bba493807c2294d2e5186a7e9ebcc2e63a0f2a711/coverage-7.16.0-cp313-cp313-manylinux_2_31_riscv64.manylinux_2_39_riscv64.whl", hash = "sha256:34d8686bce035c8465b318a8c2890e69ba14a00801a27f4eb6bdc97c23944d87", size = 254756, upload-time = "2026-08-28T21:52:06.68Z" },
    { url = "https://files.pythonhosted.org/packages/ad/0f/7762447b15e01fb84263608540123c4d9941f06303265ee74d801ccbec0e/coverage-7.16.0-cp313-cp313-musllinux_1_2_aarch64.whl", hash = "sha256:857fceba6ff4b507ee0ad98798a33d544a8473df0c542bf04251ee4ed5ee6292", size = 256540, upload-time = "2026-08-28T21:52:08.529Z" },
    { url = "https://files.pythonhosted.org/packages/e6/fa/c60dc75a8346c1dbebebc7279b19971c88f70dd575f0bc10bc0cb16f92d5/coverage-7.16.0-cp313-cp313-musllinux_1_2_i686.whl", hash = "sha256:bbf08d951abaa1ce89e28c998361d56b952413846b459cd017f116ad4c9adbfa", size = 254508, upload-time = "2026-08-28T21:52:10.323Z" },
    { url = "https://files.pythonhosted.org/packages/c3/f0/4e0834f3a1fccaa8bf625a2a1d73bde0fa32577dc3249853c0dd0e7f2b20/coverage-7.16.0-cp313-cp313-musllinux_1_2_ppc64le.whl", hash = "sha256:1a03e78f53e4d2ab13adac19958a89322d1829913e5623d642627bf60b35da21", size = 258659, upload-time = "2026-08-28T21:52:12.124Z" },
    { url = "https://files.pythonhosted.org/packages/b4/ec/fe712d3a11fd6e874565a5fa5497c48b8ece561d9611da040b44cdcf8386/coverage-7.16.0-cp313-cp313-musllinux_1_2_riscv64.whl", hash = "sha256:dcd3dafcdd78305d27c59a1006b53a4990acb89e68d8fbe0992f4f83503c827f", size = 254326, upload-time = "2026-08-28T21:52:14.181Z" },
    { url = "https://files.pythonhosted.org/packages/e7/78/093e12072e01034c65ff380f76c74b79dd83e44fa92b689a2154389be734/coverage-7.16.0-cp313-cp313-musllinux_1_2_x86_64.whl", hash = "sha256:c1bcfe470a796fbea6234accd81d258a31574dc0b7bf569e16be757572c4de17", size = 256102, upload-time = "2026-08-28T21:52:16.003Z" },
    { url = "https://files.pythonhosted.org/packages/9b/c0/265176117ca5d06e3f65575842884cdda96cf213350a31e9d41c80d65854/coverage-7.16.0-cp313-cp313-win32.whl", hash = "sha256:1420370276f1694b663207b8245c3628aafb9624fe3cebf313a13d860e55ee67", size = 225250, upload-time = "2026-08-28T21:52:17.82Z" },
    { url = "https://files.pythonhosted.org/packages/1f/01/8a87f2c04fde322430b45d16d8f543693e9894c5b2d2ca238a287c00beca/coverage-7.16.0-cp313-cp313-win_amd64.whl", hash = "sha256:496277c8d7beed695e02c7be53516a0152e4caef8738a0feab6a638546cce449", size = 225790, upload-time = "2026-08-28T21:52:19.641Z" },
    { url = "https://files.pythonhosted.org/packages/23/40/c21feacd9edfe7063195bf9cc84d650e9938fc6a23063e4f027199b160e1/coverage-7.16.0-cp313-cp313-win_arm64.whl", hash = "sha256:181c2906b9b3759955c1c33c51fbb91c754fbd0b82ea49e2c81061f5a052082c", size = 225180, upload-time = "2026-08-28T21:52:21.613Z" },
    { url = "https://files.pythonhosted.org/packages/b1/5a/234e8fadf85c3cc48cb31c247b9e8e0c7f06ece80f5b29f9b8c241f9da4c/coverage-7.16.0-py3-none-any.whl", hash = "sha256:245f7de6d023a5bba375dbec9f2e0869bfa26ac0cc639bbb7b4c814884000b73", size = 214977, upload-time = "2026-08-28T21:54:35.189Z" },
]

[[package]]
name = "frozendict"
version = "2.4.7"
source = { registry = "https://pypi.org/simple" }
sdist = { url = "https://files.pythonhosted.org/packages/90/b2/2a3d1374b7780999d3184e171e25439a8358c47b481f68be883c14086b4c/frozendict-2.4.7.tar.gz", hash = "sha256:e478fb2a1391a56c8a6e10cc97c4a9002b410ecd1ac28c18d780661762e271bd", size = 317082, upload-time = "2025-11-11T22:40:14.251Z" }
wheels = [
    { url = "https://files.pythonhosted.org/packages/38/74/f94141b38a51a553efef7f510fc213894161ae49b88bffd037f8d2a7cb2f/frozendict-2.4.7-py3-none-any.whl", hash = "sha256:972af65924ea25cf5b4d9326d549e69a9a4918d8a76a9d3a7cd174d98b237550", size = 16264, upload-time = "2025-11-11T22:40:12.836Z" },
]

[[package]]
name = "graphviz"
version = "0.21"
source = { registry = "https://pypi.org/simple" }
sdist = { url = "https://files.pythonhosted.org/packages/f8/b3/3ac91e9be6b761a4b30d66ff165e54439dcd48b83f4e20d644867215f6ca/graphviz-0.21.tar.gz", hash = "sha256:20743e7183be82aaaa8ad6c93f8893c923bd6658a04c32ee115edb3c8a835f78", size = 200434, upload-time = "2025-06-15T09:35:05.824Z" }
wheels = [
    { url = "https://files.pythonhosted.org/packages/91/4c/e0ce1ef95d4000ebc1c11801f9b944fa5910ecc15b5e351865763d8657f8/graphviz-0.21-py3-none-any.whl", hash = "sha256:54f33de9f4f911d7e84e4191749cac8cc5653f815b06738c54db9a15ab8b1e42", size = 47300, upload-time = "2025-06-15T09:35:04.433Z" },
]

[[package]]
name = "iniconfig"
version = "2.3.0"
source = { registry = "https://pypi.org/simple" }
sdist = { url = "https://files.pythonhosted.org/packages/72/34/14ca021ce8e5dfedc35312d08ba8bf51fdd999c576889fc2c24cb97f4f10/iniconfig-2.3.0.tar.gz", hash = "sha256:c76315c77db068650d49c5b56314774a7804df16fee4402c1f19d6d15d8c4730", size = 20503, upload-time = "2025-10-18T21:55:43.219Z" }
wheels = [
    { url = "https://files.pythonhosted.org/packages/cb/b1/3846dd7f199d53cb17f49cba7e651e9ce294d8497c8c150530ed11865bb8/iniconfig-2.3.0-py3-none-any.whl", hash = "sha256:f631c04d2c48c52b84d0d0549c99ff3859c98df65b3101406327ecc7d53fbf12", size = 7484, upload-time = "2025-10-18T21:55:41.639Z" },
]

[[package]]
name = "lark"
version = "1.3.1"
source = { registry = "https://pypi.org/simple" }
sdist = { url = "https://files.pythonhosted.org/packages/da/34/28fff3ab31ccff1fd4f6c7c7b0ceb2b6968d8ea4950663eadcb5720591a0/lark-1.3.1.tar.gz", hash = "sha256:b426a7a6d6d53189d318f2b6236ab5d6429eaf09259f1ca33eb716eed10d2905", size = 382732, upload-time = "2025-10-27T18:25:56.653Z" }
wheels = [
    { url = "https://files.pythonhosted.org/packages/82/3d/14ce75ef66813643812f3093ab17e46d3a206942ce7376d31ec2d36229e7/lark-1.3.1-py3-none-any.whl", hash = "sha256:c629b661023a014c37da873b4ff58a817398d12635d3bbb2c5a03be7fe5d1e12", size = 113151, upload-time = "2025-10-27T18:25:54.882Z" },
]

[[package]]
name = "networkx"
version = "3.6.1"
source = { registry = "https://pypi.org/simple" }
sdist = { url = "https://files.pythonhosted.org/packages/6a/51/63fe664f3908c97be9d2e4f1158eb633317598cfa6e1fc14af5383f17512/networkx-3.6.1.tar.gz", hash = "sha256:26b7c357accc0c8cde558ad486283728b65b6a95d85ee1cd66bafab4c8168509", size = 2517025, upload-time = "2025-12-08T17:02:39.908Z" }
wheels = [
    { url = "https://files.pythonhosted.org/packages/9e/c9/b2622292ea83fbb4ec318f5b9ab867d0a28ab43c5717bb85b0a5f6b3b0a4/networkx-3.6.1-py3-none-any.whl", hash = "sha256:d47fbf302e7d9cbbb9e2555a0d267983d2aa476bac30e90dfbe5669bd57f3762", size = 2068504, upload-time = "2025-12-08T17:02:38.159Z" },
]

[[package]]
name = "packaging"
version = "26.3"
source = { registry = "https://pypi.org/simple" }
sdist = { url = "https://files.pythonhosted.org/packages/7d/fa/3944b40b07da9ce895c0e6303a5ab7d53da063554f534556b134a54d6093/packaging-26.3.tar.gz", hash = "sha256:94edc256424af38762eb31306eed28beb9f0efc50a8837492c9d6fd6004aed79", size = 313412, upload-time = "2026-08-04T18:15:28.737Z" }
wheels = [
    { url = "https://files.pythonhosted.org/packages/63/34/ba1c580383c9eada3711951fef0795c80b829a078d72188184bcab9dd527/packaging-26.3-py3-none-any.whl", hash = "sha256:d7193f7c8e4e93f444fde0262bf90af30e16fa0ad0ad44cb553c87339b23cd1c", size = 129956, upload-time = "2026-08-04T18:15:27.159Z" },
]

[[package]]
name = "pluggy"
version = "1.6.0"
source = { registry = "https://pypi.org/simple" }
sdist = { url = "https://files.pythonhosted.org/packages/f9/e2/3e91f31a7d2b083fe6ef3fa267035b518369d9511ffab804f839851d2779/pluggy-1.6.0.tar.gz", hash = "sha256:7dcc130b76258d33b90f61b658791dede3486c3e6bfb003ee5c9bfb396dd22f3", size = 69412, upload-time = "2025-05-15T12:30:07.975Z" }
wheels = [
    { url = "https://files.pythonhosted.org/packages/54/20/4d324d65cc6d9205fabedc306948156824eb9f0ee1633355a8f7ec5c66bf/pluggy-1.6.0-py3-none-any.whl", hash = "sha256:e920276dd6813095e9377c0bc5566d94c932c33b27a3e3945d8389c374dd4746", size = 20538, upload-time = "2025-05-15T12:30:06.134Z" },
]

[[package]]
name = "ply"
version = "3.11"
source = { registry = "https://pypi.org/simple" }
sdist = { url = "https://files.pythonhosted.org/packages/e5/69/882ee5c9d017149285cab114ebeab373308ef0f874fcdac9beb90e0ac4da/ply-3.11.tar.gz", hash = "sha256:00c7c1aaa88358b9c765b6d3000c6eec0ba42abca5351b095321aef446081da3", size = 159130, upload-time = "2018-02-15T19:01:31.097Z" }
wheels = [
    { url = "https://files.pythonhosted.org/packages/a3/58/35da89ee790598a0700ea49b2a66594140f44dec458c07e8e3d4979137fc/ply-3.11-py2.py3-none-any.whl", hash = "sha256:096f9b8350b65ebd2fd1346b12452efe5b9607f7482813ffca50c22722a807ce", size = 49567, upload-time = "2018-02-15T19:01:27.172Z" },
]

[[package]]
name = "pygments"
version = "2.21.0"
source = { registry = "https://pypi.org/simple" }
sdist = { url = "https://files.pythonhosted.org/packages/49/2e/ced460408999b33da6b31b0021b0f37d329e202d4169aeb164493778f25b/pygments-2.21.0.tar.gz", hash = "sha256:610ca751c9bc2492b38eb9a38a7fbc93edbbb2d7182edaf34e66ae493dee5c8c", size = 5005329, upload-time = "2026-08-17T08:02:48.824Z" }
wheels = [
    { url = "https://files.pythonhosted.org/packages/71/46/17f022dd3e953bf20a04a028a21ec746d942f8d2af30fa0f124fa0e6a684/pygments-2.21.0-py3-none-any.whl", hash = "sha256:2363c69b61c4a97c838da3b130dcd6468f4848992b21a82f2a63ec34377137d9", size = 1250147, upload-time = "2026-08-17T08:02:44.912Z" },
]

[[package]]
name = "pytest"
version = "9.1.1"
source = { registry = "https://pypi.org/simple" }
dependencies = [
    { name = "colorama", marker = "sys_platform == 'win32'" },
    { name = "iniconfig" },
    { name = "packaging" },
    { name = "pluggy" },
    { name = "pygments" },
]
sdist = { url = "https://files.pythonhosted.org/packages/e4/47/b9efed96c114afcfa3c9d3fe98a76a1d14c74a9e266d397cf6eb64be5e01/pytest-9.1.1.tar.gz", hash = "sha256:1088fbde8f2b49d95a549a195707afa7a76a3ce9bcadc26b6d71f0ffda5fe313", size = 1636369, upload-time = "2026-06-19T10:58:32.857Z" }
wheels = [
    { url = "https://files.pythonhosted.org/packages/24/25/1de2678b631f5a49215c6c96fff41ba892b0a34df68d6d80292b1b48aa7f/pytest-9.1.1-py3-none-any.whl", hash = "sha256:37a86b45efb9a47a61a36449063e8e18d0cab3161329fc099eb21783169c4f0c", size = 386536, upload-time = "2026-06-19T10:58:31.347Z" },
]

[[package]]
name = "pytest-cov"
version = "7.1.0"
source = { registry = "https://pypi.org/simple" }
dependencies = [
    { name = "coverage" },
    { name = "pluggy" },
    { name = "pytest" },
]
sdist = { url = "https://files.pythonhosted.org/packages/b1/51/a849f96e117386044471c8ec2bd6cfebacda285da9525c9106aeb28da671/pytest_cov-7.1.0.tar.gz", hash = "sha256:30674f2b5f6351aa09702a9c8c364f6a01c27aae0c1366ae8016160d1efc56b2", size = 55592, upload-time = "2026-03-21T20:11:16.284Z" }
wheels = [
    { url = "https://files.pythonhosted.org/packages/9d/7a/d968e294073affff457b041c2be9868a40c1c71f4a35fcc1e45e5493067b/pytest_cov-7.1.0-py3-none-any.whl", hash = "sha256:a0461110b7865f9a271aa1b51e516c9a95de9d696734a2f71e3e78f46e1d4678", size = 22876, upload-time = "2026-03-21T20:11:14.438Z" },
]

[[package]]
name = "teoria-computacao-compiladores-2026-exercicios"
version = "0.1.0"
source = { editable = "." }
dependencies = [
    { name = "automata-lib" },
    { name = "graphviz" },
    { name = "lark" },
    { name = "ply" },
    { name = "pytest" },
    { name = "pytest-cov" },
]

[package.metadata]
requires-dist = [
    { name = "automata-lib", specifier = ">=9.2.0" },
    { name = "graphviz", specifier = ">=0.21" },
    { name = "lark", specifier = ">=1.3.1" },
    { name = "ply", specifier = ">=3.11" },
    { name = "pytest", specifier = ">=9.1.1" },
    { name = "pytest-cov", specifier = ">=7.1.0" },
]

[[package]]
name = "typing-extensions"
version = "4.16.0"
source = { registry = "https://pypi.org/simple" }
sdist = { url = "https://files.pythonhosted.org/packages/f6/cc/6253133b5bb138fc3306cebfbda2c520f545d36b5be2c7255cc528bb45d6/typing_extensions-4.16.0.tar.gz", hash = "sha256:dc983d19a509c94dba722ee6abd33940f7c05a89e243c47e907eb4db6f1a43e5", size = 113555, upload-time = "2026-07-02T08:40:05.92Z" }
wheels = [
    { url = "https://files.pythonhosted.org/packages/49/d3/b8441a820a491ddfc024b0b0cf0393375b75ea13866d9c66727e54c2fc80/typing_extensions-4.16.0-py3-none-any.whl", hash = "sha256:481caa481374e813c1b176ada14e97f1f67a4539ce9cfeb3f350d78d6370c2e8", size = 45571, upload-time = "2026-07-02T08:40:04.659Z" },
]
